# THIS IS AN AUTOGENERATED FILE. DO NOT EDIT THIS FILE DIRECTLY.
# yarn lockfile v1


"@types/codemirror@0.0.108":
  "integrity" "sha512-3FGFcus0P7C2UOGCNUVENqObEb4SFk+S8Dnxq7K6aIsLVs/vDtlangl3PEO0ykaKXyK56swVF6Nho7VsA44uhw=="
  "resolved" "https://registry.npmjs.org/@types/codemirror/-/codemirror-0.0.108.tgz"
  "version" "0.0.108"
  dependencies:
    "@types/tern" "*"

"@types/estree@*":
  "integrity" "sha512-C6N5s2ZFtuZRj54k2/zyRhNDjJwwcViAM3Nbm8zjBpbqAdZ00mr0CFxvSKeO8Y/e03WVFLpQMdHYVfUd6SB+Hw=="
  "resolved" "https://registry.npmjs.org/@types/estree/-/estree-0.0.50.tgz"
  "version" "0.0.50"

"@types/node@^16.11.1":
  "integrity" "sha512-NyUV2DGcqYIx9op++MG2+Z4Nhw1tPhi0Wfs81TgncuX1aJC4zf2fgCJlJhl4BW9bCSS04e34VkqmOS96w0XQdg=="
  "resolved" "https://registry.npmjs.org/@types/node/-/node-16.11.5.tgz"
  "version" "16.11.5"

"@types/numeral@^2.0.2":
  "integrity" "sha512-A8F30k2gYJ/6e07spSCPpkuZu79LCnkPTvqmIWQzNGcrzwFKpVOydG41lNt5wZXjSI149qjyzC2L1+F2PD/NUA=="
  "resolved" "https://registry.npmjs.org/@types/numeral/-/numeral-2.0.2.tgz"
  "version" "2.0.2"

"@types/tern@*":
  "integrity" "sha512-JAUw1iXGO1qaWwEOzxTKJZ/5JxVeON9kvGZ/osgZaJImBnyjyn0cjovPsf6FNLmyGY8Vw9DoXZCMlfMkMwHRWg=="
  "resolved" "https://registry.npmjs.org/@types/tern/-/tern-0.23.4.tgz"
  "version" "0.23.4"
  dependencies:
    "@types/estree" "*"

"esbuild-windows-64@0.13.8":
  "integrity" "sha512-76Fb57B9eE/JmJi1QmUW0tRLQZfGo0it+JeYoCDTSlbTn7LV44ecOHIMJSSgZADUtRMWT9z0Kz186bnaB3amSg=="
  "resolved" "https://registry.npmjs.org/esbuild-windows-64/-/esbuild-windows-64-0.13.8.tgz"
  "version" "0.13.8"

"esbuild@0.13.8":
  "integrity" "sha512-A4af7G7YZLfG5OnARJRMtlpEsCkq/zHZQXewgPA864l9D6VjjbH1SuFYK/OSV6BtHwDGkdwyRrX0qQFLnMfUcw=="
  "resolved" "https://registry.npmjs.org/esbuild/-/esbuild-0.13.8.tgz"
  "version" "0.13.8"
  optionalDependencies:
    "esbuild-android-arm64" "0.13.8"
    "esbuild-darwin-64" "0.13.8"
    "esbuild-darwin-arm64" "0.13.8"
    "esbuild-freebsd-64" "0.13.8"
    "esbuild-freebsd-arm64" "0.13.8"
    "esbuild-linux-32" "0.13.8"
    "esbuild-linux-64" "0.13.8"
    "esbuild-linux-arm" "0.13.8"
    "esbuild-linux-arm64" "0.13.8"
    "esbuild-linux-mips64le" "0.13.8"
    "esbuild-linux-ppc64le" "0.13.8"
    "esbuild-netbsd-64" "0.13.8"
    "esbuild-openbsd-64" "0.13.8"
    "esbuild-sunos-64" "0.13.8"
    "esbuild-windows-32" "0.13.8"
    "esbuild-windows-64" "0.13.8"
    "esbuild-windows-arm64" "0.13.8"

"moment@2.29.1":
  "integrity" "sha512-kHmoybcPV8Sqy59DwNDY3Jefr64lK/by/da0ViFcuA4DH0vQg5Q6Ze5VimxkfQNSC+Mls/Kx53s7TjP1RhFEDQ=="
  "resolved" "https://registry.npmjs.org/moment/-/moment-2.29.1.tgz"
  "version" "2.29.1"

"numeral@^2.0.6":
  "integrity" "sha1-StCAk21EPCVhrtnyGX7//iX05QY="
  "resolved" "https://registry.npmjs.org/numeral/-/numeral-2.0.6.tgz"
  "version" "2.0.6"

"obsidian@^0.12.17":
  "integrity" "sha512-YvCAlRym9D8zNPXt6Ez8QubSTVGoChx6lb58zqI13Dcrz3l1lgUO+pcOGDiD5Qa67nzDZLXo3aV2rqkCCpTvGQ=="
  "resolved" "https://registry.npmjs.org/obsidian/-/obsidian-0.12.17.tgz"
  "version" "0.12.17"
  dependencies:
    "@types/codemirror" "0.0.108"
    "moment" "2.29.1"

"tslib@2.3.1":
  "integrity" "sha512-77EbyPPpMz+FRFRuAFlWMtmgUWGe9UOG2Z25NqCwiIjRhOf5iKGuzSe5P2w1laq+FkRy4p+PCuVkJSGkzTEKVw=="
  "resolved" "https://registry.npmjs.org/tslib/-/tslib-2.3.1.tgz"
  "version" "2.3.1"

"typescript@4.4.4":
  "integrity" "sha512-DqGhF5IKoBl8WNf8C1gu8q0xZSInh9j1kJJMqT3a94w1JzVaBU4EXOSMrz9yDqMT0xt3selp83fuFMQ0uzv6qA=="
  "resolved" "https://registry.npmjs.org/typescript/-/typescript-4.4.4.tgz"
  "version" "4.4.4"
